
Microsoft Visual Studio Solution File, Format Version 12.00
# Visual Studio 14
VisualStudioVersion = 14.0.23107.0
MinimumVisualStudioVersion = 10.0.40219.1
Project("{FAE04EC0-301F-11D3-BF4B-00C04F79EFBC}") = "01.Point3D", "01.Point3D\01.Point3D.csproj", "{B77706B9-8BAF-447B-B3B9-4351C6999C4D}"
EndProject
Project("{FAE04EC0-301F-11D3-BF4B-00C04F79EFBC}") = "02.DistanceCalculator", "02.DistanceCalculator\02.DistanceCalculator.csproj", "{7795EF28-6D28-4428-8439-EBA7A3F1FC56}"
EndProject
Project("{FAE04EC0-301F-11D3-BF4B-00C04F79EFBC}") = "03.Paths", "03.Paths\03.Paths.csproj", "{A9B24B1D-719C-47F0-8B91-DF924E2B76B3}"
EndProject
Project("{FAE04EC0-301F-11D3-BF4B-00C04F79EFBC}") = "04.Namespaces", "Geometry\04.Namespaces.csproj", "{F4A895A3-EDF9-442E-8873-4611A6FEF891}"
EndProject
Project("{FAE04EC0-301F-11D3-BF4B-00C04F79EFBC}") = "05.HTMLDispatcher", "05.HTMLDispatcher\05.HTMLDispatcher.csproj", "{7AA99F58-3377-4FD6-8135-0CCC9EEA7877}"
EndProject
Project("{FAE04EC0-301F-11D3-BF4B-00C04F79EFBC}") = "06.BitArray", "06.BitArray\06.BitArray.csproj", "{DFF02B31-6E13-4382-A7C8-0D85EA766333}"
EndProject
Global
	GlobalSection(SolutionConfigurationPlatforms) = preSolution
		Debug|Any CPU = Debug|Any CPU
		Release|Any CPU = Release|Any CPU
	EndGlobalSection
	GlobalSection(ProjectConfigurationPlatforms) = postSolution
		{B77706B9-8BAF-447B-B3B9-4351C6999C4D}.Debug|Any CPU.ActiveCfg = Debug|Any CPU
		{B77706B9-8BAF-447B-B3B9-4351C6999C4D}.Debug|Any CPU.Build.0 = Debug|Any CPU
		{B77706B9-8BAF-447B-B3B9-4351C6999C4D}.Release|Any CPU.ActiveCfg = Release|Any CPU
		{B77706B9-8BAF-447B-B3B9-4351C6999C4D}.Release|Any CPU.Build.0 = Release|Any CPU
		{7795EF28-6D28-4428-8439-EBA7A3F1FC56}.Debug|Any CPU.ActiveCfg = Debug|Any CPU
		{7795EF28-6D28-4428-8439-EBA7A3F1FC56}.Debug|Any CPU.Build.0 = Debug|Any CPU
		{7795EF28-6D28-4428-8439-EBA7A3F1FC56}.Release|Any CPU.ActiveCfg = Release|Any CPU
		{7795EF28-6D28-4428-8439-EBA7A3F1FC56}.Release|Any CPU.Build.0 = Release|Any CPU
		{A9B24B1D-719C-47F0-8B91-DF924E2B76B3}.Debug|Any CPU.ActiveCfg = Debug|Any CPU
		{A9B24B1D-719C-47F0-8B91-DF924E2B76B3}.Debug|Any CPU.Build.0 = Debug|Any CPU
		{A9B24B1D-719C-47F0-8B91-DF924E2B76B3}.Release|Any CPU.ActiveCfg = Release|Any CPU
		{A9B24B1D-719C-47F0-8B91-DF924E2B76B3}.Release|Any CPU.Build.0 = Release|Any CPU
		{F4A895A3-EDF9-442E-8873-4611A6FEF891}.Debug|Any CPU.ActiveCfg = Debug|Any CPU
		{F4A895A3-EDF9-442E-8873-4611A6FEF891}.Debug|Any CPU.Build.0 = Debug|Any CPU
		{F4A895A3-EDF9-442E-8873-4611A6FEF891}.Release|Any CPU.ActiveCfg = Release|Any CPU
		{F4A895A3-EDF9-442E-8873-4611A6FEF891}.Release|Any CPU.Build.0 = Release|Any CPU
		{7AA99F58-3377-4FD6-8135-0CCC9EEA7877}.Debug|Any CPU.ActiveCfg = Debug|Any CPU
		{7AA99F58-3377-4FD6-8135-0CCC9EEA7877}.Debug|Any CPU.Build.0 = Debug|Any CPU
		{7AA99F58-3377-4FD6-8135-0CCC9EEA7877}.Release|Any CPU.ActiveCfg = Release|Any CPU
		{7AA99F58-3377-4FD6-8135-0CCC9EEA7877}.Release|Any CPU.Build.0 = Release|Any CPU
		{DFF02B31-6E13-4382-A7C8-0D85EA766333}.Debug|Any CPU.ActiveCfg = Debug|Any CPU
		{DFF02B31-6E13-4382-A7C8-0D85EA766333}.Debug|Any CPU.Build.0 = Debug|Any CPU
		{DFF02B31-6E13-4382-A7C8-0D85EA766333}.Release|Any CPU.ActiveCfg = Release|Any CPU
		{DFF02B31-6E13-4382-A7C8-0D85EA766333}.Release|Any CPU.Build.0 = Release|Any CPU
	EndGlobalSection
	GlobalSection(SolutionProperties) = preSolution
		HideSolutionNode = FALSE
	EndGlobalSection
EndGlobal
